
Microsoft Visual Studio Solution File, Format Version 12.00
# Visual Studio Version 17
VisualStudioVersion = 17.5.33530.505
MinimumVisualStudioVersion = 10.0.40219.1
Project("{8BC9CEB8-8B4A-11D0-8D11-00A0C91BC942}") = "FirstConsoleApplication", "FirstConsoleApplication\FirstConsoleApplication.vcxproj", "{403EED5E-0FD4-4027-B40C-6B0B5B632FCC}"
EndProject
Project("{8BC9CEB8-8B4A-11D0-8D11-00A0C91BC942}") = "VariableConsoleApplication", "VariableConsoleApplication\VariableConsoleApplication.vcxproj", "{82676755-815D-4536-998C-FF1523D995F8}"
EndProject
Project("{2150E333-8FDC-42A3-9474-1A3956D46DE8}") = "01. Podstawy", "01. Podstawy", "{2791BD70-7BEF-482C-AA02-B657B0241100}"
EndProject
Project("{2150E333-8FDC-42A3-9474-1A3956D46DE8}") = "02. Instrukcje decyzyjne", "02. Instrukcje decyzyjne", "{653DF6B4-0FA2-4631-AC94-0836BD2F63A0}"
EndProject
Project("{8BC9CEB8-8B4A-11D0-8D11-00A0C91BC942}") = "InstructionIfConsoleApplication", "InstructionIfConsoleApplication\InstructionIfConsoleApplication.vcxproj", "{9347B1C0-0049-4A03-90BE-AB5048446826}"
EndProject
Project("{8BC9CEB8-8B4A-11D0-8D11-00A0C91BC942}") = "LoopDoWhileConsoleApplication", "LoopDoWhileConsoleApplication\LoopDoWhileConsoleApplication.vcxproj", "{7F651422-672D-406A-8518-1A4A75A5EF79}"
EndProject
Project("{8BC9CEB8-8B4A-11D0-8D11-00A0C91BC942}") = "LoopWhileConsoleApplication", "LoopWhileConsoleApplication\LoopWhileConsoleApplication.vcxproj", "{404AC7D7-70FC-4040-AF71-A7502089F7BA}"
EndProject
Project("{8BC9CEB8-8B4A-11D0-8D11-00A0C91BC942}") = "LoopForConsoleApplication", "LoopForConsoleApplication\LoopForConsoleApplication.vcxproj", "{A18E0250-0072-4B0A-B6D9-F493D60E593E}"
EndProject
Project("{2150E333-8FDC-42A3-9474-1A3956D46DE8}") = "03. Kolekcje", "03. Kolekcje", "{0E0445FC-DFDA-46DA-B155-F8FA4C23C151}"
EndProject
Project("{8BC9CEB8-8B4A-11D0-8D11-00A0C91BC942}") = "CharactersConsoleApplication", "CharactersConsoleApplication\CharactersConsoleApplication.vcxproj", "{80E860F2-1687-4C2E-A364-9ED0798FF259}"
EndProject
Project("{8BC9CEB8-8B4A-11D0-8D11-00A0C91BC942}") = "ArrayConsoleApplication", "ArrayConsoleApplication\ArrayConsoleApplication.vcxproj", "{609D8A9F-99F7-4D5C-BD68-FB3BACA8D2A5}"
EndProject
Project("{2150E333-8FDC-42A3-9474-1A3956D46DE8}") = "04. Funkcje", "04. Funkcje", "{E84FC0B8-7ABA-4716-A8D8-EEB23D23447E}"
EndProject
Project("{8BC9CEB8-8B4A-11D0-8D11-00A0C91BC942}") = "FunctionConsoleApplication", "FunctionConsoleApplication\FunctionConsoleApplication.vcxproj", "{F5B3801E-CE2A-40A8-AE90-543FFD85DAC6}"
EndProject
Project("{8BC9CEB8-8B4A-11D0-8D11-00A0C91BC942}") = "TicTacToeConsoleApplication", "TicTacToeConsoleApplication\TicTacToeConsoleApplication.vcxproj", "{FB74987C-35A4-43EE-AF8A-BCFBA1818D2F}"
EndProject
Project("{2150E333-8FDC-42A3-9474-1A3956D46DE8}") = "05. Wskaźniki", "05. Wskaźniki", "{6B846FC3-785E-4AC5-B55A-19FFF8382B6F}"
EndProject
Project("{8BC9CEB8-8B4A-11D0-8D11-00A0C91BC942}") = "PointersConsoleApplication", "PointersConsoleApplication\PointersConsoleApplication.vcxproj", "{5BAD07DB-45CA-4D19-9F5F-60BD2BD0ABF7}"
EndProject
Project("{2150E333-8FDC-42A3-9474-1A3956D46DE8}") = "06. Zadania", "06. Zadania", "{149862AF-FD56-4EAC-BEB2-0E1F2CBC92B0}"
EndProject
Project("{8BC9CEB8-8B4A-11D0-8D11-00A0C91BC942}") = "TasksConsoleApplication", "TasksConsoleApplication\TasksConsoleApplication.vcxproj", "{B4ACB721-EAC9-40AF-93FA-18D4E3476B10}"
EndProject
Project("{8BC9CEB8-8B4A-11D0-8D11-00A0C91BC942}") = "SnakeConsoleApplication", "SnakeConsoleApplication\SnakeConsoleApplication.vcxproj", "{B4E235D4-1BAB-4A2A-8C5F-C2955385D38D}"
EndProject
Project("{8BC9CEB8-8B4A-11D0-8D11-00A0C91BC942}") = "StarrySkyConsoleApplication", "StarrySkyConsoleApplication\StarrySkyConsoleApplication.vcxproj", "{264A3453-F443-48E0-87E1-584EE5821E93}"
EndProject
Project("{8BC9CEB8-8B4A-11D0-8D11-00A0C91BC942}") = "DrawRectangleConsoleApplication", "DrawRectangleConsoleApplication\DrawRectangleConsoleApplication.vcxproj", "{19D4BDD0-D044-46F7-AA6F-2277E7E6273D}"
EndProject
Project("{8BC9CEB8-8B4A-11D0-8D11-00A0C91BC942}") = "StopWatchConsoleApplication", "StopWatchConsoleApplication\StopWatchConsoleApplication.vcxproj", "{7D331A05-015E-4AF9-9723-E944D305134C}"
EndProject
Project("{2150E333-8FDC-42A3-9474-1A3956D46DE8}") = "Strukturalne", "Strukturalne", "{62B3624D-CE44-4DC0-AA51-5E61F5CDBF53}"
EndProject
Project("{2150E333-8FDC-42A3-9474-1A3956D46DE8}") = "Obiektowe", "Obiektowe", "{4F970918-468C-45F3-90E1-C19350BD6CD3}"
EndProject
Project("{2150E333-8FDC-42A3-9474-1A3956D46DE8}") = "01. Struktury", "01. Struktury", "{DAF8305F-D6A3-4A43-AAAF-12A9321E1CC5}"
EndProject
Project("{8BC9CEB8-8B4A-11D0-8D11-00A0C91BC942}") = "FirstStructConsoleApplication", "FirstStructConsoleApplication\FirstStructConsoleApplication.vcxproj", "{4282B02C-B280-4F31-82BC-E2BD9003CE4B}"
EndProject
Project("{2150E333-8FDC-42A3-9474-1A3956D46DE8}") = "02. Podstawy obiektów", "02. Podstawy obiektów", "{9E9780BC-3599-48E1-B724-3C27E99B0FB3}"
EndProject
Project("{8BC9CEB8-8B4A-11D0-8D11-00A0C91BC942}") = "FirstObjectConsoleApplication", "FirstObjectConsoleApplication\FirstObjectConsoleApplication.vcxproj", "{B92758D1-88FC-4C4C-BAFF-0BB3FD522C79}"
EndProject
Project("{8BC9CEB8-8B4A-11D0-8D11-00A0C91BC942}") = "ReadAndWriteInFilesConsoleApplication", "ReadAndWriteInFilesConsoleApplication\ReadAndWriteInFilesConsoleApplication.vcxproj", "{39D9AF57-6EC3-4F99-BA23-F70FF2DF43A6}"
EndProject
Project("{8BC9CEB8-8B4A-11D0-8D11-00A0C91BC942}") = "StringConsoleApplication", "StringConsoleApplication\StringConsoleApplication.vcxproj", "{4B2ADE7B-4A0E-467D-9D0A-39828ADF1D5A}"
EndProject
Project("{8BC9CEB8-8B4A-11D0-8D11-00A0C91BC942}") = "InheritanceConsoleApplication", "InheritanceConsoleApplication\InheritanceConsoleApplication.vcxproj", "{44341CB5-5F81-47D9-80C8-E4FDE35E9CAD}"
EndProject
Project("{8BC9CEB8-8B4A-11D0-8D11-00A0C91BC942}") = "GeometricFiguresConsoleApplication", "GeometricFiguresConsoleApplication\GeometricFiguresConsoleApplication.vcxproj", "{9A1B0DCF-D1D3-410D-90B0-8CB8007CE67A}"
EndProject
Project("{8BC9CEB8-8B4A-11D0-8D11-00A0C91BC942}") = "TicTacToeObjectConsoleApplication", "TicTacToeObjectConsoleApplication\TicTacToeObjectConsoleApplication.vcxproj", "{FF649025-5407-4DA5-B791-0D0E96BE9BE6}"
EndProject
Global
	GlobalSection(SolutionConfigurationPlatforms) = preSolution
		Debug|x64 = Debug|x64
		Debug|x86 = Debug|x86
		Release|x64 = Release|x64
		Release|x86 = Release|x86
	EndGlobalSection
	GlobalSection(ProjectConfigurationPlatforms) = postSolution
		{403EED5E-0FD4-4027-B40C-6B0B5B632FCC}.Debug|x64.ActiveCfg = Debug|x64
		{403EED5E-0FD4-4027-B40C-6B0B5B632FCC}.Debug|x64.Build.0 = Debug|x64
		{403EED5E-0FD4-4027-B40C-6B0B5B632FCC}.Debug|x86.ActiveCfg = Debug|Win32
		{403EED5E-0FD4-4027-B40C-6B0B5B632FCC}.Debug|x86.Build.0 = Debug|Win32
		{403EED5E-0FD4-4027-B40C-6B0B5B632FCC}.Release|x64.ActiveCfg = Release|x64
		{403EED5E-0FD4-4027-B40C-6B0B5B632FCC}.Release|x64.Build.0 = Release|x64
		{403EED5E-0FD4-4027-B40C-6B0B5B632FCC}.Release|x86.ActiveCfg = Release|Win32
		{403EED5E-0FD4-4027-B40C-6B0B5B632FCC}.Release|x86.Build.0 = Release|Win32
		{82676755-815D-4536-998C-FF1523D995F8}.Debug|x64.ActiveCfg = Debug|x64
		{82676755-815D-4536-998C-FF1523D995F8}.Debug|x64.Build.0 = Debug|x64
		{82676755-815D-4536-998C-FF1523D995F8}.Debug|x86.ActiveCfg = Debug|Win32
		{82676755-815D-4536-998C-FF1523D995F8}.Debug|x86.Build.0 = Debug|Win32
		{82676755-815D-4536-998C-FF1523D995F8}.Release|x64.ActiveCfg = Release|x64
		{82676755-815D-4536-998C-FF1523D995F8}.Release|x64.Build.0 = Release|x64
		{82676755-815D-4536-998C-FF1523D995F8}.Release|x86.ActiveCfg = Release|Win32
		{82676755-815D-4536-998C-FF1523D995F8}.Release|x86.Build.0 = Release|Win32
		{9347B1C0-0049-4A03-90BE-AB5048446826}.Debug|x64.ActiveCfg = Debug|x64
		{9347B1C0-0049-4A03-90BE-AB5048446826}.Debug|x64.Build.0 = Debug|x64
		{9347B1C0-0049-4A03-90BE-AB5048446826}.Debug|x86.ActiveCfg = Debug|Win32
		{9347B1C0-0049-4A03-90BE-AB5048446826}.Debug|x86.Build.0 = Debug|Win32
		{9347B1C0-0049-4A03-90BE-AB5048446826}.Release|x64.ActiveCfg = Release|x64
		{9347B1C0-0049-4A03-90BE-AB5048446826}.Release|x64.Build.0 = Release|x64
		{9347B1C0-0049-4A03-90BE-AB5048446826}.Release|x86.ActiveCfg = Release|Win32
		{9347B1C0-0049-4A03-90BE-AB5048446826}.Release|x86.Build.0 = Release|Win32
		{7F651422-672D-406A-8518-1A4A75A5EF79}.Debug|x64.ActiveCfg = Debug|x64
		{7F651422-672D-406A-8518-1A4A75A5EF79}.Debug|x64.Build.0 = Debug|x64
		{7F651422-672D-406A-8518-1A4A75A5EF79}.Debug|x86.ActiveCfg = Debug|Win32
		{7F651422-672D-406A-8518-1A4A75A5EF79}.Debug|x86.Build.0 = Debug|Win32
		{7F651422-672D-406A-8518-1A4A75A5EF79}.Release|x64.ActiveCfg = Release|x64
		{7F651422-672D-406A-8518-1A4A75A5EF79}.Release|x64.Build.0 = Release|x64
		{7F651422-672D-406A-8518-1A4A75A5EF79}.Release|x86.ActiveCfg = Release|Win32
		{7F651422-672D-406A-8518-1A4A75A5EF79}.Release|x86.Build.0 = Release|Win32
		{404AC7D7-70FC-4040-AF71-A7502089F7BA}.Debug|x64.ActiveCfg = Debug|x64
		{404AC7D7-70FC-4040-AF71-A7502089F7BA}.Debug|x64.Build.0 = Debug|x64
		{404AC7D7-70FC-4040-AF71-A7502089F7BA}.Debug|x86.ActiveCfg = Debug|Win32
		{404AC7D7-70FC-4040-AF71-A7502089F7BA}.Debug|x86.Build.0 = Debug|Win32
		{404AC7D7-70FC-4040-AF71-A7502089F7BA}.Release|x64.ActiveCfg = Release|x64
		{404AC7D7-70FC-4040-AF71-A7502089F7BA}.Release|x64.Build.0 = Release|x64
		{404AC7D7-70FC-4040-AF71-A7502089F7BA}.Release|x86.ActiveCfg = Release|Win32
		{404AC7D7-70FC-4040-AF71-A7502089F7BA}.Release|x86.Build.0 = Release|Win32
		{A18E0250-0072-4B0A-B6D9-F493D60E593E}.Debug|x64.ActiveCfg = Debug|x64
		{A18E0250-0072-4B0A-B6D9-F493D60E593E}.Debug|x64.Build.0 = Debug|x64
		{A18E0250-0072-4B0A-B6D9-F493D60E593E}.Debug|x86.ActiveCfg = Debug|Win32
		{A18E0250-0072-4B0A-B6D9-F493D60E593E}.Debug|x86.Build.0 = Debug|Win32
		{A18E0250-0072-4B0A-B6D9-F493D60E593E}.Release|x64.ActiveCfg = Release|x64
		{A18E0250-0072-4B0A-B6D9-F493D60E593E}.Release|x64.Build.0 = Release|x64
		{A18E0250-0072-4B0A-B6D9-F493D60E593E}.Release|x86.ActiveCfg = Release|Win32
		{A18E0250-0072-4B0A-B6D9-F493D60E593E}.Release|x86.Build.0 = Release|Win32
		{80E860F2-1687-4C2E-A364-9ED0798FF259}.Debug|x64.ActiveCfg = Debug|x64
		{80E860F2-1687-4C2E-A364-9ED0798FF259}.Debug|x64.Build.0 = Debug|x64
		{80E860F2-1687-4C2E-A364-9ED0798FF259}.Debug|x86.ActiveCfg = Debug|Win32
		{80E860F2-1687-4C2E-A364-9ED0798FF259}.Debug|x86.Build.0 = Debug|Win32
		{80E860F2-1687-4C2E-A364-9ED0798FF259}.Release|x64.ActiveCfg = Release|x64
		{80E860F2-1687-4C2E-A364-9ED0798FF259}.Release|x64.Build.0 = Release|x64
		{80E860F2-1687-4C2E-A364-9ED0798FF259}.Release|x86.ActiveCfg = Release|Win32
		{80E860F2-1687-4C2E-A364-9ED0798FF259}.Release|x86.Build.0 = Release|Win32
		{609D8A9F-99F7-4D5C-BD68-FB3BACA8D2A5}.Debug|x64.ActiveCfg = Debug|x64
		{609D8A9F-99F7-4D5C-BD68-FB3BACA8D2A5}.Debug|x64.Build.0 = Debug|x64
		{609D8A9F-99F7-4D5C-BD68-FB3BACA8D2A5}.Debug|x86.ActiveCfg = Debug|Win32
		{609D8A9F-99F7-4D5C-BD68-FB3BACA8D2A5}.Debug|x86.Build.0 = Debug|Win32
		{609D8A9F-99F7-4D5C-BD68-FB3BACA8D2A5}.Release|x64.ActiveCfg = Release|x64
		{609D8A9F-99F7-4D5C-BD68-FB3BACA8D2A5}.Release|x64.Build.0 = Release|x64
		{609D8A9F-99F7-4D5C-BD68-FB3BACA8D2A5}.Release|x86.ActiveCfg = Release|Win32
		{609D8A9F-99F7-4D5C-BD68-FB3BACA8D2A5}.Release|x86.Build.0 = Release|Win32
		{F5B3801E-CE2A-40A8-AE90-543FFD85DAC6}.Debug|x64.ActiveCfg = Debug|x64
		{F5B3801E-CE2A-40A8-AE90-543FFD85DAC6}.Debug|x64.Build.0 = Debug|x64
		{F5B3801E-CE2A-40A8-AE90-543FFD85DAC6}.Debug|x86.ActiveCfg = Debug|Win32
		{F5B3801E-CE2A-40A8-AE90-543FFD85DAC6}.Debug|x86.Build.0 = Debug|Win32
		{F5B3801E-CE2A-40A8-AE90-543FFD85DAC6}.Release|x64.ActiveCfg = Release|x64
		{F5B3801E-CE2A-40A8-AE90-543FFD85DAC6}.Release|x64.Build.0 = Release|x64
		{F5B3801E-CE2A-40A8-AE90-543FFD85DAC6}.Release|x86.ActiveCfg = Release|Win32
		{F5B3801E-CE2A-40A8-AE90-543FFD85DAC6}.Release|x86.Build.0 = Release|Win32
		{FB74987C-35A4-43EE-AF8A-BCFBA1818D2F}.Debug|x64.ActiveCfg = Debug|x64
		{FB74987C-35A4-43EE-AF8A-BCFBA1818D2F}.Debug|x64.Build.0 = Debug|x64
		{FB74987C-35A4-43EE-AF8A-BCFBA1818D2F}.Debug|x86.ActiveCfg = Debug|Win32
		{FB74987C-35A4-43EE-AF8A-BCFBA1818D2F}.Debug|x86.Build.0 = Debug|Win32
		{FB74987C-35A4-43EE-AF8A-BCFBA1818D2F}.Release|x64.ActiveCfg = Release|x64
		{FB74987C-35A4-43EE-AF8A-BCFBA1818D2F}.Release|x64.Build.0 = Release|x64
		{FB74987C-35A4-43EE-AF8A-BCFBA1818D2F}.Release|x86.ActiveCfg = Release|Win32
		{FB74987C-35A4-43EE-AF8A-BCFBA1818D2F}.Release|x86.Build.0 = Release|Win32
		{5BAD07DB-45CA-4D19-9F5F-60BD2BD0ABF7}.Debug|x64.ActiveCfg = Debug|x64
		{5BAD07DB-45CA-4D19-9F5F-60BD2BD0ABF7}.Debug|x64.Build.0 = Debug|x64
		{5BAD07DB-45CA-4D19-9F5F-60BD2BD0ABF7}.Debug|x86.ActiveCfg = Debug|Win32
		{5BAD07DB-45CA-4D19-9F5F-60BD2BD0ABF7}.Debug|x86.Build.0 = Debug|Win32
		{5BAD07DB-45CA-4D19-9F5F-60BD2BD0ABF7}.Release|x64.ActiveCfg = Release|x64
		{5BAD07DB-45CA-4D19-9F5F-60BD2BD0ABF7}.Release|x64.Build.0 = Release|x64
		{5BAD07DB-45CA-4D19-9F5F-60BD2BD0ABF7}.Release|x86.ActiveCfg = Release|Win32
		{5BAD07DB-45CA-4D19-9F5F-60BD2BD0ABF7}.Release|x86.Build.0 = Release|Win32
		{B4ACB721-EAC9-40AF-93FA-18D4E3476B10}.Debug|x64.ActiveCfg = Debug|x64
		{B4ACB721-EAC9-40AF-93FA-18D4E3476B10}.Debug|x64.Build.0 = Debug|x64
		{B4ACB721-EAC9-40AF-93FA-18D4E3476B10}.Debug|x86.ActiveCfg = Debug|Win32
		{B4ACB721-EAC9-40AF-93FA-18D4E3476B10}.Debug|x86.Build.0 = Debug|Win32
		{B4ACB721-EAC9-40AF-93FA-18D4E3476B10}.Release|x64.ActiveCfg = Release|x64
		{B4ACB721-EAC9-40AF-93FA-18D4E3476B10}.Release|x64.Build.0 = Release|x64
		{B4ACB721-EAC9-40AF-93FA-18D4E3476B10}.Release|x86.ActiveCfg = Release|Win32
		{B4ACB721-EAC9-40AF-93FA-18D4E3476B10}.Release|x86.Build.0 = Release|Win32
		{B4E235D4-1BAB-4A2A-8C5F-C2955385D38D}.Debug|x64.ActiveCfg = Debug|x64
		{B4E235D4-1BAB-4A2A-8C5F-C2955385D38D}.Debug|x64.Build.0 = Debug|x64
		{B4E235D4-1BAB-4A2A-8C5F-C2955385D38D}.Debug|x86.ActiveCfg = Debug|Win32
		{B4E235D4-1BAB-4A2A-8C5F-C2955385D38D}.Debug|x86.Build.0 = Debug|Win32
		{B4E235D4-1BAB-4A2A-8C5F-C2955385D38D}.Release|x64.ActiveCfg = Release|x64
		{B4E235D4-1BAB-4A2A-8C5F-C2955385D38D}.Release|x64.Build.0 = Release|x64
		{B4E235D4-1BAB-4A2A-8C5F-C2955385D38D}.Release|x86.ActiveCfg = Release|Win32
		{B4E235D4-1BAB-4A2A-8C5F-C2955385D38D}.Release|x86.Build.0 = Release|Win32
		{264A3453-F443-48E0-87E1-584EE5821E93}.Debug|x64.ActiveCfg = Debug|x64
		{264A3453-F443-48E0-87E1-584EE5821E93}.Debug|x64.Build.0 = Debug|x64
		{264A3453-F443-48E0-87E1-584EE5821E93}.Debug|x86.ActiveCfg = Debug|Win32
		{264A3453-F443-48E0-87E1-584EE5821E93}.Debug|x86.Build.0 = Debug|Win32
		{264A3453-F443-48E0-87E1-584EE5821E93}.Release|x64.ActiveCfg = Release|x64
		{264A3453-F443-48E0-87E1-584EE5821E93}.Release|x64.Build.0 = Release|x64
		{264A3453-F443-48E0-87E1-584EE5821E93}.Release|x86.ActiveCfg = Release|Win32
		{264A3453-F443-48E0-87E1-584EE5821E93}.Release|x86.Build.0 = Release|Win32
		{19D4BDD0-D044-46F7-AA6F-2277E7E6273D}.Debug|x64.ActiveCfg = Debug|x64
		{19D4BDD0-D044-46F7-AA6F-2277E7E6273D}.Debug|x64.Build.0 = Debug|x64
		{19D4BDD0-D044-46F7-AA6F-2277E7E6273D}.Debug|x86.ActiveCfg = Debug|Win32
		{19D4BDD0-D044-46F7-AA6F-2277E7E6273D}.Debug|x86.Build.0 = Debug|Win32
		{19D4BDD0-D044-46F7-AA6F-2277E7E6273D}.Release|x64.ActiveCfg = Release|x64
		{19D4BDD0-D044-46F7-AA6F-2277E7E6273D}.Release|x64.Build.0 = Release|x64
		{19D4BDD0-D044-46F7-AA6F-2277E7E6273D}.Release|x86.ActiveCfg = Release|Win32
		{19D4BDD0-D044-46F7-AA6F-2277E7E6273D}.Release|x86.Build.0 = Release|Win32
		{7D331A05-015E-4AF9-9723-E944D305134C}.Debug|x64.ActiveCfg = Debug|x64
		{7D331A05-015E-4AF9-9723-E944D305134C}.Debug|x64.Build.0 = Debug|x64
		{7D331A05-015E-4AF9-9723-E944D305134C}.Debug|x86.ActiveCfg = Debug|Win32
		{7D331A05-015E-4AF9-9723-E944D305134C}.Debug|x86.Build.0 = Debug|Win32
		{7D331A05-015E-4AF9-9723-E944D305134C}.Release|x64.ActiveCfg = Release|x64
		{7D331A05-015E-4AF9-9723-E944D305134C}.Release|x64.Build.0 = Release|x64
		{7D331A05-015E-4AF9-9723-E944D305134C}.Release|x86.ActiveCfg = Release|Win32
		{7D331A05-015E-4AF9-9723-E944D305134C}.Release|x86.Build.0 = Release|Win32
		{4282B02C-B280-4F31-82BC-E2BD9003CE4B}.Debug|x64.ActiveCfg = Debug|x64
		{4282B02C-B280-4F31-82BC-E2BD9003CE4B}.Debug|x64.Build.0 = Debug|x64
		{4282B02C-B280-4F31-82BC-E2BD9003CE4B}.Debug|x86.ActiveCfg = Debug|Win32
		{4282B02C-B280-4F31-82BC-E2BD9003CE4B}.Debug|x86.Build.0 = Debug|Win32
		{4282B02C-B280-4F31-82BC-E2BD9003CE4B}.Release|x64.ActiveCfg = Release|x64
		{4282B02C-B280-4F31-82BC-E2BD9003CE4B}.Release|x64.Build.0 = Release|x64
		{4282B02C-B280-4F31-82BC-E2BD9003CE4B}.Release|x86.ActiveCfg = Release|Win32
		{4282B02C-B280-4F31-82BC-E2BD9003CE4B}.Release|x86.Build.0 = Release|Win32
		{B92758D1-88FC-4C4C-BAFF-0BB3FD522C79}.Debug|x64.ActiveCfg = Debug|x64
		{B92758D1-88FC-4C4C-BAFF-0BB3FD522C79}.Debug|x64.Build.0 = Debug|x64
		{B92758D1-88FC-4C4C-BAFF-0BB3FD522C79}.Debug|x86.ActiveCfg = Debug|Win32
		{B92758D1-88FC-4C4C-BAFF-0BB3FD522C79}.Debug|x86.Build.0 = Debug|Win32
		{B92758D1-88FC-4C4C-BAFF-0BB3FD522C79}.Release|x64.ActiveCfg = Release|x64
		{B92758D1-88FC-4C4C-BAFF-0BB3FD522C79}.Release|x64.Build.0 = Release|x64
		{B92758D1-88FC-4C4C-BAFF-0BB3FD522C79}.Release|x86.ActiveCfg = Release|Win32
		{B92758D1-88FC-4C4C-BAFF-0BB3FD522C79}.Release|x86.Build.0 = Release|Win32
		{39D9AF57-6EC3-4F99-BA23-F70FF2DF43A6}.Debug|x64.ActiveCfg = Debug|x64
		{39D9AF57-6EC3-4F99-BA23-F70FF2DF43A6}.Debug|x64.Build.0 = Debug|x64
		{39D9AF57-6EC3-4F99-BA23-F70FF2DF43A6}.Debug|x86.ActiveCfg = Debug|Win32
		{39D9AF57-6EC3-4F99-BA23-F70FF2DF43A6}.Debug|x86.Build.0 = Debug|Win32
		{39D9AF57-6EC3-4F99-BA23-F70FF2DF43A6}.Release|x64.ActiveCfg = Release|x64
		{39D9AF57-6EC3-4F99-BA23-F70FF2DF43A6}.Release|x64.Build.0 = Release|x64
		{39D9AF57-6EC3-4F99-BA23-F70FF2DF43A6}.Release|x86.ActiveCfg = Release|Win32
		{39D9AF57-6EC3-4F99-BA23-F70FF2DF43A6}.Release|x86.Build.0 = Release|Win32
		{4B2ADE7B-4A0E-467D-9D0A-39828ADF1D5A}.Debug|x64.ActiveCfg = Debug|x64
		{4B2ADE7B-4A0E-467D-9D0A-39828ADF1D5A}.Debug|x64.Build.0 = Debug|x64
		{4B2ADE7B-4A0E-467D-9D0A-39828ADF1D5A}.Debug|x86.ActiveCfg = Debug|Win32
		{4B2ADE7B-4A0E-467D-9D0A-39828ADF1D5A}.Debug|x86.Build.0 = Debug|Win32
		{4B2ADE7B-4A0E-467D-9D0A-39828ADF1D5A}.Release|x64.ActiveCfg = Release|x64
		{4B2ADE7B-4A0E-467D-9D0A-39828ADF1D5A}.Release|x64.Build.0 = Release|x64
		{4B2ADE7B-4A0E-467D-9D0A-39828ADF1D5A}.Release|x86.ActiveCfg = Release|Win32
		{4B2ADE7B-4A0E-467D-9D0A-39828ADF1D5A}.Release|x86.Build.0 = Release|Win32
		{44341CB5-5F81-47D9-80C8-E4FDE35E9CAD}.Debug|x64.ActiveCfg = Debug|x64
		{44341CB5-5F81-47D9-80C8-E4FDE35E9CAD}.Debug|x64.Build.0 = Debug|x64
		{44341CB5-5F81-47D9-80C8-E4FDE35E9CAD}.Debug|x86.ActiveCfg = Debug|Win32
		{44341CB5-5F81-47D9-80C8-E4FDE35E9CAD}.Debug|x86.Build.0 = Debug|Win32
		{44341CB5-5F81-47D9-80C8-E4FDE35E9CAD}.Release|x64.ActiveCfg = Release|x64
		{44341CB5-5F81-47D9-80C8-E4FDE35E9CAD}.Release|x64.Build.0 = Release|x64
		{44341CB5-5F81-47D9-80C8-E4FDE35E9CAD}.Release|x86.ActiveCfg = Release|Win32
		{44341CB5-5F81-47D9-80C8-E4FDE35E9CAD}.Release|x86.Build.0 = Release|Win32
		{9A1B0DCF-D1D3-410D-90B0-8CB8007CE67A}.Debug|x64.ActiveCfg = Debug|x64
		{9A1B0DCF-D1D3-410D-90B0-8CB8007CE67A}.Debug|x64.Build.0 = Debug|x64
		{9A1B0DCF-D1D3-410D-90B0-8CB8007CE67A}.Debug|x86.ActiveCfg = Debug|Win32
		{9A1B0DCF-D1D3-410D-90B0-8CB8007CE67A}.Debug|x86.Build.0 = Debug|Win32
		{9A1B0DCF-D1D3-410D-90B0-8CB8007CE67A}.Release|x64.ActiveCfg = Release|x64
		{9A1B0DCF-D1D3-410D-90B0-8CB8007CE67A}.Release|x64.Build.0 = Release|x64
		{9A1B0DCF-D1D3-410D-90B0-8CB8007CE67A}.Release|x86.ActiveCfg = Release|Win32
		{9A1B0DCF-D1D3-410D-90B0-8CB8007CE67A}.Release|x86.Build.0 = Release|Win32
		{FF649025-5407-4DA5-B791-0D0E96BE9BE6}.Debug|x64.ActiveCfg = Debug|x64
		{FF649025-5407-4DA5-B791-0D0E96BE9BE6}.Debug|x64.Build.0 = Debug|x64
		{FF649025-5407-4DA5-B791-0D0E96BE9BE6}.Debug|x86.ActiveCfg = Debug|Win32
		{FF649025-5407-4DA5-B791-0D0E96BE9BE6}.Debug|x86.Build.0 = Debug|Win32
		{FF649025-5407-4DA5-B791-0D0E96BE9BE6}.Release|x64.ActiveCfg = Release|x64
		{FF649025-5407-4DA5-B791-0D0E96BE9BE6}.Release|x64.Build.0 = Release|x64
		{FF649025-5407-4DA5-B791-0D0E96BE9BE6}.Release|x86.ActiveCfg = Release|Win32
		{FF649025-5407-4DA5-B791-0D0E96BE9BE6}.Release|x86.Build.0 = Release|Win32
	EndGlobalSection
	GlobalSection(SolutionProperties) = preSolution
		HideSolutionNode = FALSE
	EndGlobalSection
	GlobalSection(NestedProjects) = preSolution
		{403EED5E-0FD4-4027-B40C-6B0B5B632FCC} = {2791BD70-7BEF-482C-AA02-B657B0241100}
		{82676755-815D-4536-998C-FF1523D995F8} = {2791BD70-7BEF-482C-AA02-B657B0241100}
		{2791BD70-7BEF-482C-AA02-B657B0241100} = {62B3624D-CE44-4DC0-AA51-5E61F5CDBF53}
		{653DF6B4-0FA2-4631-AC94-0836BD2F63A0} = {62B3624D-CE44-4DC0-AA51-5E61F5CDBF53}
		{9347B1C0-0049-4A03-90BE-AB5048446826} = {653DF6B4-0FA2-4631-AC94-0836BD2F63A0}
		{7F651422-672D-406A-8518-1A4A75A5EF79} = {653DF6B4-0FA2-4631-AC94-0836BD2F63A0}
		{404AC7D7-70FC-4040-AF71-A7502089F7BA} = {653DF6B4-0FA2-4631-AC94-0836BD2F63A0}
		{A18E0250-0072-4B0A-B6D9-F493D60E593E} = {653DF6B4-0FA2-4631-AC94-0836BD2F63A0}
		{0E0445FC-DFDA-46DA-B155-F8FA4C23C151} = {62B3624D-CE44-4DC0-AA51-5E61F5CDBF53}
		{80E860F2-1687-4C2E-A364-9ED0798FF259} = {0E0445FC-DFDA-46DA-B155-F8FA4C23C151}
		{609D8A9F-99F7-4D5C-BD68-FB3BACA8D2A5} = {0E0445FC-DFDA-46DA-B155-F8FA4C23C151}
		{E84FC0B8-7ABA-4716-A8D8-EEB23D23447E} = {62B3624D-CE44-4DC0-AA51-5E61F5CDBF53}
		{F5B3801E-CE2A-40A8-AE90-543FFD85DAC6} = {E84FC0B8-7ABA-4716-A8D8-EEB23D23447E}
		{FB74987C-35A4-43EE-AF8A-BCFBA1818D2F} = {E84FC0B8-7ABA-4716-A8D8-EEB23D23447E}
		{6B846FC3-785E-4AC5-B55A-19FFF8382B6F} = {62B3624D-CE44-4DC0-AA51-5E61F5CDBF53}
		{5BAD07DB-45CA-4D19-9F5F-60BD2BD0ABF7} = {6B846FC3-785E-4AC5-B55A-19FFF8382B6F}
		{149862AF-FD56-4EAC-BEB2-0E1F2CBC92B0} = {62B3624D-CE44-4DC0-AA51-5E61F5CDBF53}
		{B4ACB721-EAC9-40AF-93FA-18D4E3476B10} = {149862AF-FD56-4EAC-BEB2-0E1F2CBC92B0}
		{B4E235D4-1BAB-4A2A-8C5F-C2955385D38D} = {149862AF-FD56-4EAC-BEB2-0E1F2CBC92B0}
		{264A3453-F443-48E0-87E1-584EE5821E93} = {149862AF-FD56-4EAC-BEB2-0E1F2CBC92B0}
		{19D4BDD0-D044-46F7-AA6F-2277E7E6273D} = {149862AF-FD56-4EAC-BEB2-0E1F2CBC92B0}
		{7D331A05-015E-4AF9-9723-E944D305134C} = {149862AF-FD56-4EAC-BEB2-0E1F2CBC92B0}
		{DAF8305F-D6A3-4A43-AAAF-12A9321E1CC5} = {4F970918-468C-45F3-90E1-C19350BD6CD3}
		{4282B02C-B280-4F31-82BC-E2BD9003CE4B} = {DAF8305F-D6A3-4A43-AAAF-12A9321E1CC5}
		{9E9780BC-3599-48E1-B724-3C27E99B0FB3} = {4F970918-468C-45F3-90E1-C19350BD6CD3}
		{B92758D1-88FC-4C4C-BAFF-0BB3FD522C79} = {9E9780BC-3599-48E1-B724-3C27E99B0FB3}
		{39D9AF57-6EC3-4F99-BA23-F70FF2DF43A6} = {9E9780BC-3599-48E1-B724-3C27E99B0FB3}
		{4B2ADE7B-4A0E-467D-9D0A-39828ADF1D5A} = {9E9780BC-3599-48E1-B724-3C27E99B0FB3}
		{44341CB5-5F81-47D9-80C8-E4FDE35E9CAD} = {9E9780BC-3599-48E1-B724-3C27E99B0FB3}
		{9A1B0DCF-D1D3-410D-90B0-8CB8007CE67A} = {9E9780BC-3599-48E1-B724-3C27E99B0FB3}
		{FF649025-5407-4DA5-B791-0D0E96BE9BE6} = {4F970918-468C-45F3-90E1-C19350BD6CD3}
	EndGlobalSection
	GlobalSection(ExtensibilityGlobals) = postSolution
		SolutionGuid = {0CF49382-092A-4027-8546-0283784F7F1B}
	EndGlobalSection
EndGlobal
